
Microsoft Visual Studio Solution File, Format Version 12.00
# Visual Studio Version 17
VisualStudioVersion = 17.11.35219.272
MinimumVisualStudioVersion = 10.0.40219.1
Project("{FAE04EC0-301F-11D3-BF4B-00C04F79EFBC}") = "Lesson1", "Lesson1\Lesson1.csproj", "{F1EC9AA4-591B-4E39-AA31-5D0DBB5D1C10}"
EndProject
Global
	GlobalSection(SolutionConfigurationPlatforms) = preSolution
		Debug|Any CPU = Debug|Any CPU
		Release|Any CPU = Release|Any CPU
	EndGlobalSection
	GlobalSection(ProjectConfigurationPlatforms) = postSolution
		{F1EC9AA4-591B-4E39-AA31-5D0DBB5D1C10}.Debug|Any CPU.ActiveCfg = Debug|Any CPU
		{F1EC9AA4-591B-4E39-AA31-5D0DBB5D1C10}.Debug|Any CPU.Build.0 = Debug|Any CPU
		{F1EC9AA4-591B-4E39-AA31-5D0DBB5D1C10}.Release|Any CPU.ActiveCfg = Release|Any CPU
		{F1EC9AA4-591B-4E39-AA31-5D0DBB5D1C10}.Release|Any CPU.Build.0 = Release|Any CPU
	EndGlobalSection
	GlobalSection(SolutionProperties) = preSolution
		HideSolutionNode = FALSE
	EndGlobalSection
	GlobalSection(ExtensibilityGlobals) = postSolution
		SolutionGuid = {4A15D656-ABE9-4BB0-B859-3F76B2DACF33}
	EndGlobalSection
EndGlobal
