
Microsoft Visual Studio Solution File, Format Version 12.00
# Visual Studio Version 17
VisualStudioVersion = 17.11.35219.272
MinimumVisualStudioVersion = 10.0.40219.1
Project("{FAE04EC0-301F-11D3-BF4B-00C04F79EFBC}") = "HOWKTEAM_WPF", "HOWKTEAM_WPF\HOWKTEAM_WPF.csproj", "{C62849D4-3C23-40C3-A062-259453E4E5EB}"
EndProject
Global
	GlobalSection(SolutionConfigurationPlatforms) = preSolution
		Debug|Any CPU = Debug|Any CPU
		Release|Any CPU = Release|Any CPU
	EndGlobalSection
	GlobalSection(ProjectConfigurationPlatforms) = postSolution
		{C62849D4-3C23-40C3-A062-259453E4E5EB}.Debug|Any CPU.ActiveCfg = Debug|Any CPU
		{C62849D4-3C23-40C3-A062-259453E4E5EB}.Debug|Any CPU.Build.0 = Debug|Any CPU
		{C62849D4-3C23-40C3-A062-259453E4E5EB}.Release|Any CPU.ActiveCfg = Release|Any CPU
		{C62849D4-3C23-40C3-A062-259453E4E5EB}.Release|Any CPU.Build.0 = Release|Any CPU
	EndGlobalSection
	GlobalSection(SolutionProperties) = preSolution
		HideSolutionNode = FALSE
	EndGlobalSection
	GlobalSection(ExtensibilityGlobals) = postSolution
		SolutionGuid = {03096562-4C71-482E-BD13-7C5D8E987667}
	EndGlobalSection
EndGlobal
